{
  "name": "test",
  "version": "0.0.0",
  "lockfileVersion": 1,
  "requires": true,
  "dependencies": {
    "ajax": {
      "version": "0.0.4",
      "resolved": "https://registry.npmjs.org/ajax/-/ajax-0.0.4.tgz",
      "integrity": "sha1-tvTOi9WQ9fS6Lc/eEd54nyCfJCM=",
      "requires": {
        "underscore": "^1.11.0"
      }
    },
    "axios": {
      "version": "0.21.0",
      "resolved": "https://registry.npmjs.org/axios/-/axios-0.21.0.tgz",
      "integrity": "sha512-fmkJBknJKoZwem3/IKSSLpkdNXZeBu5Q7GA/aRsr2btgrptmSCxi2oFjZHqGdK9DoTil9PIHlPIZw2EcRJXRvw==",
      "requires": {
        "follow-redirects": "^1.10.0"
      }
    },
    "ejs": {
      "version": "2.7.4",
      "resolved": "https://registry.npmjs.org/ejs/-/ejs-2.7.4.tgz",
      "integrity": "sha512-7vmuyh5+kuUyJKePhQfRQBhXV5Ce+RnaeeQArKu1EAMpL3WbgMt5WG6uQZpEVvYSSsxMXRKOewtDk9RaTKXRlA=="
    },
    "follow-redirects": {
      "version": "1.13.0",
      "resolved": "https://registry.npmjs.org/follow-redirects/-/follow-redirects-1.13.0.tgz",
      "integrity": "sha512-aq6gF1BEKje4a9i9+5jimNFIpq4Q1WiwBToeRK5NvZBd/TRsmW8BsJfOEGkr76TbOyPVD3OVDN910EcUNtRYEA=="
    },
    "fullcalendar": {
      "version": "5.4.0",
      "resolved": "https://registry.npmjs.org/fullcalendar/-/fullcalendar-5.4.0.tgz",
      "integrity": "sha512-TYAycz4vCrcBpZQYc1AJA8C5bZD1rKEr1+2LL2AZ/TW5Ga+FSu88OTo8/Q0mP469LzBXNbp3AXn1TQv9UKDW6g=="
    },
    "hicharts": {
      "version": "0.0.3",
      "resolved": "https://registry.npmjs.org/hicharts/-/hicharts-0.0.3.tgz",
      "integrity": "sha1-2ak3TjZyc/no928HX1zoXJ44Mf8="
    },
    "highcharts": {
      "version": "8.2.2",
      "resolved": "https://registry.npmjs.org/highcharts/-/highcharts-8.2.2.tgz",
      "integrity": "sha512-F63TXO7RxsvTcpO/KOubQZWualYpCMyCTuKtoWbt7KCsfQ3Kl7Fr6HEyyJdjkYl+XlnmnKlSRi9d3HjLK9Q0wg=="
    },
    "underscore": {
      "version": "1.11.0",
      "resolved": "https://registry.npmjs.org/underscore/-/underscore-1.11.0.tgz",
      "integrity": "sha512-xY96SsN3NA461qIRKZ/+qox37YXPtSBswMGfiNptr+wrt6ds4HaMw23TP612fEyGekRE6LNRiLYr/aqbHXNedw=="
    }
  }
}
